
Microsoft Visual Studio Solution File, Format Version 12.00
# Visual Studio Version 17
VisualStudioVersion = 17.0.31903.59
MinimumVisualStudioVersion = 10.0.40219.1
Project("{FAE04EC0-301F-11D3-BF4B-00C04F79EFBC}") = "AppiumLibrary", "AppiumLibrary\AppiumLibrary.csproj", "{BF93E462-2E9D-440A-B02C-D9BA9D36D362}"
EndProject
Project("{FAE04EC0-301F-11D3-BF4B-00C04F79EFBC}") = "MSTestProject", "MSTestProject\MSTestProject.csproj", "{EF618ACE-6BE9-423C-A02D-B44CB82B5DE2}"
EndProject
Global
	GlobalSection(SolutionConfigurationPlatforms) = preSolution
		Debug|Any CPU = Debug|Any CPU
		Release|Any CPU = Release|Any CPU
	EndGlobalSection
	GlobalSection(ProjectConfigurationPlatforms) = postSolution
		{BF93E462-2E9D-440A-B02C-D9BA9D36D362}.Debug|Any CPU.ActiveCfg = Debug|Any CPU
		{BF93E462-2E9D-440A-B02C-D9BA9D36D362}.Debug|Any CPU.Build.0 = Debug|Any CPU
		{BF93E462-2E9D-440A-B02C-D9BA9D36D362}.Release|Any CPU.ActiveCfg = Release|Any CPU
		{BF93E462-2E9D-440A-B02C-D9BA9D36D362}.Release|Any CPU.Build.0 = Release|Any CPU
		{EF618ACE-6BE9-423C-A02D-B44CB82B5DE2}.Debug|Any CPU.ActiveCfg = Debug|Any CPU
		{EF618ACE-6BE9-423C-A02D-B44CB82B5DE2}.Debug|Any CPU.Build.0 = Debug|Any CPU
		{EF618ACE-6BE9-423C-A02D-B44CB82B5DE2}.Release|Any CPU.ActiveCfg = Release|Any CPU
		{EF618ACE-6BE9-423C-A02D-B44CB82B5DE2}.Release|Any CPU.Build.0 = Release|Any CPU
	EndGlobalSection
	GlobalSection(SolutionProperties) = preSolution
		HideSolutionNode = FALSE
	EndGlobalSection
EndGlobal
